// !$*UTF8*$!
{
	archiveVersion = 1;
	classes = {
	};
	objectVersion = 60;
	objects = {

/* Begin PBXBuildFile section */
		B89C8E452C4FFBAA00CCF3C2 /* HailApp.swift in Sources */ = {isa = PBXBuildFile; fileRef = B89C8E442C4FFBAA00CCF3C2 /* HailApp.swift */; };
		B89C8E472C4FFBAA00CCF3C2 /* ContentView.swift in Sources */ = {isa = PBXBuildFile; fileRef = B89C8E462C4FFBAA00CCF3C2 /* ContentView.swift */; };
		B89C8E492C4FFBAD00CCF3C2 /* Assets.xcassets in Resources */ = {isa = PBXBuildFile; fileRef = B89C8E482C4FFBAD00CCF3C2 /* Assets.xcassets */; };
		B89C8E4D2C4FFBAD00CCF3C2 /* Preview Assets.xcassets in Resources */ = {isa = PBXBuildFile; fileRef = B89C8E4C2C4FFBAD00CCF3C2 /* Preview Assets.xcassets */; };
		B89C8E572C4FFBAD00CCF3C2 /* HailTests.swift in Sources */ = {isa = PBXBuildFile; fileRef = B89C8E562C4FFBAD00CCF3C2 /* HailTests.swift */; };
		B89C8E612C4FFBAD00CCF3C2 /* HailUITests.swift in Sources */ = {isa = PBXBuildFile; fileRef = B89C8E602C4FFBAD00CCF3C2 /* HailUITests.swift */; };
		B89C8E632C4FFBAD00CCF3C2 /* HailUITestsLaunchTests.swift in Sources */ = {isa = PBXBuildFile; fileRef = B89C8E622C4FFBAD00CCF3C2 /* HailUITestsLaunchTests.swift */; };
/* End PBXBuildFile section */

/* Begin PBXContainerItemProxy section */
		B89C8E532C4FFBAD00CCF3C2 /* PBXContainerItemProxy */ = {
			isa = PBXContainerItemProxy;
			containerPortal = B89C8E392C4FFBAA00CCF3C2 /* Project object */;
			proxyType = 1;
			remoteGlobalIDString = B89C8E402C4FFBAA00CCF3C2;
			remoteInfo = Hail;
		};
		B89C8E5D2C4FFBAD00CCF3C2 /* PBXContainerItemProxy */ = {
			isa = PBXContainerItemProxy;
			containerPortal = B89C8E392C4FFBAA00CCF3C2 /* Project object */;
			proxyType = 1;
			remoteGlobalIDString = B89C8E402C4FFBAA00CCF3C2;
			remoteInfo = Hail;
		};
/* End PBXContainerItemProxy section */

/* Begin PBXFileReference section */
		B89C8E412C4FFBAA00CCF3C2 /* Hail.app */ = {isa = PBXFileReference; explicitFileType = wrapper.application; includeInIndex = 0; path = Hail.app; sourceTree = BUILT_PRODUCTS_DIR; };
		B89C8E442C4FFBAA00CCF3C2 /* HailApp.swift */ = {isa = PBXFileReference; lastKnownFileType = sourcecode.swift; path = HailApp.swift; sourceTree = "<group>"; };
		B89C8E462C4FFBAA00CCF3C2 /* ContentView.swift */ = {isa = PBXFileReference; lastKnownFileType = sourcecode.swift; path = ContentView.swift; sourceTree = "<group>"; };
		B89C8E482C4FFBAD00CCF3C2 /* Assets.xcassets */ = {isa = PBXFileReference; lastKnownFileType = folder.assetcatalog; path = Assets.xcassets; sourceTree = "<group>"; };
		B89C8E4A2C4FFBAD00CCF3C2 /* Hail.entitlements */ = {isa = PBXFileReference; lastKnownFileType = text.plist.entitlements; path = Hail.entitlements; sourceTree = "<group>"; };
		B89C8E4C2C4FFBAD00CCF3C2 /* Preview Assets.xcassets */ = {isa = PBXFileReference; lastKnownFileType = folder.assetcatalog; path = "Preview Assets.xcassets"; sourceTree = "<group>"; };
		B89C8E522C4FFBAD00CCF3C2 /* HailTests.xctest */ = {isa = PBXFileReference; explicitFileType = wrapper.cfbundle; includeInIndex = 0; path = HailTests.xctest; sourceTree = BUILT_PRODUCTS_DIR; };
		B89C8E562C4FFBAD00CCF3C2 /* HailTests.swift */ = {isa = PBXFileReference; lastKnownFileType = sourcecode.swift; path = HailTests.swift; sourceTree = "<group>"; };
		B89C8E5C2C4FFBAD00CCF3C2 /* HailUITests.xctest */ = {isa = PBXFileReference; explicitFileType = wrapper.cfbundle; includeInIndex = 0; path = HailUITests.xctest; sourceTree = BUILT_PRODUCTS_DIR; };
		B89C8E602C4FFBAD00CCF3C2 /* HailUITests.swift */ = {isa = PBXFileReference; lastKnownFileType = sourcecode.swift; path = HailUITests.swift; sourceTree = "<group>"; };
		B89C8E622C4FFBAD00CCF3C2 /* HailUITestsLaunchTests.swift */ = {isa = PBXFileReference; lastKnownFileType = sourcecode.swift; path = HailUITestsLaunchTests.swift; sourceTree = "<group>"; };
		B89C8E6F2C5000E300CCF3C2 /* Modules */ = {isa = PBXFileReference; lastKnownFileType = wrapper; path = Modules; sourceTree = "<group>"; };
/* End PBXFileReference section */

/* Begin PBXFrameworksBuildPhase section */
		B89C8E3E2C4FFBAA00CCF3C2 /* Frameworks */ = {
			isa = PBXFrameworksBuildPhase;
			buildActionMask = 2147483647;
			files = (
			);
			runOnlyForDeploymentPostprocessing = 0;
		};
		B89C8E4F2C4FFBAD00CCF3C2 /* Frameworks */ = {
			isa = PBXFrameworksBuildPhase;
			buildActionMask = 2147483647;
			files = (
			);
			runOnlyForDeploymentPostprocessing = 0;
		};
		B89C8E592C4FFBAD00CCF3C2 /* Frameworks */ = {
			isa = PBXFrameworksBuildPhase;
			buildActionMask = 2147483647;
			files = (
			);
			runOnlyForDeploymentPostprocessing = 0;
		};
/* End PBXFrameworksBuildPhase section */

/* Begin PBXGroup section */
		B89C8E382C4FFBAA00CCF3C2 = {
			isa = PBXGroup;
			children = (
				B89C8E432C4FFBAA00CCF3C2 /* Hail */,
				B89C8E552C4FFBAD00CCF3C2 /* HailTests */,
				B89C8E5F2C4FFBAD00CCF3C2 /* HailUITests */,
				B89C8E6F2C5000E300CCF3C2 /* Modules */,
				B89C8E422C4FFBAA00CCF3C2 /* Products */,
			);
			indentWidth = 4;
			sourceTree = "<group>";
			tabWidth = 4;
		};
		B89C8E422C4FFBAA00CCF3C2 /* Products */ = {
			isa = PBXGroup;
			children = (
				B89C8E412C4FFBAA00CCF3C2 /* Hail.app */,
				B89C8E522C4FFBAD00CCF3C2 /* HailTests.xctest */,
				B89C8E5C2C4FFBAD00CCF3C2 /* HailUITests.xctest */,
			);
			name = Products;
			sourceTree = "<group>";
		};
		B89C8E432C4FFBAA00CCF3C2 /* Hail */ = {
			isa = PBXGroup;
			children = (
				B89C8E442C4FFBAA00CCF3C2 /* HailApp.swift */,
				B89C8E462C4FFBAA00CCF3C2 /* ContentView.swift */,
				B89C8E482C4FFBAD00CCF3C2 /* Assets.xcassets */,
				B89C8E4A2C4FFBAD00CCF3C2 /* Hail.entitlements */,
				B89C8E4B2C4FFBAD00CCF3C2 /* Preview Content */,
			);
			path = Hail;
			sourceTree = "<group>";
		};
		B89C8E4B2C4FFBAD00CCF3C2 /* Preview Content */ = {
			isa = PBXGroup;
			children = (
				B89C8E4C2C4FFBAD00CCF3C2 /* Preview Assets.xcassets */,
			);
			path = "Preview Content";
			sourceTree = "<group>";
		};
		B89C8E552C4FFBAD00CCF3C2 /* HailTests */ = {
			isa = PBXGroup;
			children = (
				B89C8E562C4FFBAD00CCF3C2 /* HailTests.swift */,
			);
			path = HailTests;
			sourceTree = "<group>";
		};
		B89C8E5F2C4FFBAD00CCF3C2 /* HailUITests */ = {
			isa = PBXGroup;
			children = (
				B89C8E602C4FFBAD00CCF3C2 /* HailUITests.swift */,
				B89C8E622C4FFBAD00CCF3C2 /* HailUITestsLaunchTests.swift */,
			);
			path = HailUITests;
			sourceTree = "<group>";
		};
/* End PBXGroup section */

/* Begin PBXNativeTarget section */
		B89C8E402C4FFBAA00CCF3C2 /* Hail */ = {
			isa = PBXNativeTarget;
			buildConfigurationList = B89C8E662C4FFBAD00CCF3C2 /* Build configuration list for PBXNativeTarget "Hail" */;
			buildPhases = (
				B89C8E3D2C4FFBAA00CCF3C2 /* Sources */,
				B89C8E3E2C4FFBAA00CCF3C2 /* Frameworks */,
				B89C8E3F2C4FFBAA00CCF3C2 /* Resources */,
			);
			buildRules = (
			);
			dependencies = (
			);
			name = Hail;
			productName = Hail;
			productReference = B89C8E412C4FFBAA00CCF3C2 /* Hail.app */;
			productType = "com.apple.product-type.application";
		};
		B89C8E512C4FFBAD00CCF3C2 /* HailTests */ = {
			isa = PBXNativeTarget;
			buildConfigurationList = B89C8E692C4FFBAD00CCF3C2 /* Build configuration list for PBXNativeTarget "HailTests" */;
			buildPhases = (
				B89C8E4E2C4FFBAD00CCF3C2 /* Sources */,
				B89C8E4F2C4FFBAD00CCF3C2 /* Frameworks */,
				B89C8E502C4FFBAD00CCF3C2 /* Resources */,
			);
			buildRules = (
			);
			dependencies = (
				B89C8E542C4FFBAD00CCF3C2 /* PBXTargetDependency */,
			);
			name = HailTests;
			productName = HailTests;
			productReference = B89C8E522C4FFBAD00CCF3C2 /* HailTests.xctest */;
			productType = "com.apple.product-type.bundle.unit-test";
		};
		B89C8E5B2C4FFBAD00CCF3C2 /* HailUITests */ = {
			isa = PBXNativeTarget;
			buildConfigurationList = B89C8E6C2C4FFBAD00CCF3C2 /* Build configuration list for PBXNativeTarget "HailUITests" */;
			buildPhases = (
				B89C8E582C4FFBAD00CCF3C2 /* Sources */,
				B89C8E592C4FFBAD00CCF3C2 /* Frameworks */,
				B89C8E5A2C4FFBAD00CCF3C2 /* Resources */,
			);
			buildRules = (
			);
			dependencies = (
				B89C8E5E2C4FFBAD00CCF3C2 /* PBXTargetDependency */,
			);
			name = HailUITests;
			productName = HailUITests;
			productReference = B89C8E5C2C4FFBAD00CCF3C2 /* HailUITests.xctest */;
			productType = "com.apple.product-type.bundle.ui-testing";
		};
/* End PBXNativeTarget section */

/* Begin PBXProject section */
		B89C8E392C4FFBAA00CCF3C2 /* Project object */ = {
			isa = PBXProject;
			attributes = {
				BuildIndependentTargetsInParallel = 1;
				LastSwiftUpdateCheck = 1600;
				LastUpgradeCheck = 1600;
				TargetAttributes = {
					B89C8E402C4FFBAA00CCF3C2 = {
						CreatedOnToolsVersion = 16.0;
					};
					B89C8E512C4FFBAD00CCF3C2 = {
						CreatedOnToolsVersion = 16.0;
						TestTargetID = B89C8E402C4FFBAA00CCF3C2;
					};
					B89C8E5B2C4FFBAD00CCF3C2 = {
						CreatedOnToolsVersion = 16.0;
						TestTargetID = B89C8E402C4FFBAA00CCF3C2;
					};
				};
			};
			buildConfigurationList = B89C8E3C2C4FFBAA00CCF3C2 /* Build configuration list for PBXProject "Hail" */;
			compatibilityVersion = "Xcode 15.0";
			developmentRegion = en;
			hasScannedForEncodings = 0;
			knownRegions = (
				en,
				Base,
			);
			mainGroup = B89C8E382C4FFBAA00CCF3C2;
			productRefGroup = B89C8E422C4FFBAA00CCF3C2 /* Products */;
			projectDirPath = "";
			projectRoot = "";
			targets = (
				B89C8E402C4FFBAA00CCF3C2 /* Hail */,
				B89C8E512C4FFBAD00CCF3C2 /* HailTests */,
				B89C8E5B2C4FFBAD00CCF3C2 /* HailUITests */,
			);
		};
/* End PBXProject section */

/* Begin PBXResourcesBuildPhase section */
		B89C8E3F2C4FFBAA00CCF3C2 /* Resources */ = {
			isa = PBXResourcesBuildPhase;
			buildActionMask = 2147483647;
			files = (
				B89C8E4D2C4FFBAD00CCF3C2 /* Preview Assets.xcassets in Resources */,
				B89C8E492C4FFBAD00CCF3C2 /* Assets.xcassets in Resources */,
			);
			runOnlyForDeploymentPostprocessing = 0;
		};
		B89C8E502C4FFBAD00CCF3C2 /* Resources */ = {
			isa = PBXResourcesBuildPhase;
			buildActionMask = 2147483647;
			files = (
			);
			runOnlyForDeploymentPostprocessing = 0;
		};
		B89C8E5A2C4FFBAD00CCF3C2 /* Resources */ = {
			isa = PBXResourcesBuildPhase;
			buildActionMask = 2147483647;
			files = (
			);
			runOnlyForDeploymentPostprocessing = 0;
		};
/* End PBXResourcesBuildPhase section */

/* Begin PBXSourcesBuildPhase section */
		B89C8E3D2C4FFBAA00CCF3C2 /* Sources */ = {
			isa = PBXSourcesBuildPhase;
			buildActionMask = 2147483647;
			files = (
				B89C8E472C4FFBAA00CCF3C2 /* ContentView.swift in Sources */,
				B89C8E452C4FFBAA00CCF3C2 /* HailApp.swift in Sources */,
			);
			runOnlyForDeploymentPostprocessing = 0;
		};
		B89C8E4E2C4FFBAD00CCF3C2 /* Sources */ = {
			isa = PBXSourcesBuildPhase;
			buildActionMask = 2147483647;
			files = (
				B89C8E572C4FFBAD00CCF3C2 /* HailTests.swift in Sources */,
			);
			runOnlyForDeploymentPostprocessing = 0;
		};
		B89C8E582C4FFBAD00CCF3C2 /* Sources */ = {
			isa = PBXSourcesBuildPhase;
			buildActionMask = 2147483647;
			files = (
				B89C8E632C4FFBAD00CCF3C2 /* HailUITestsLaunchTests.swift in Sources */,
				B89C8E612C4FFBAD00CCF3C2 /* HailUITests.swift in Sources */,
			);
			runOnlyForDeploymentPostprocessing = 0;
		};
/* End PBXSourcesBuildPhase section */

/* Begin PBXTargetDependency section */
		B89C8E542C4FFBAD00CCF3C2 /* PBXTargetDependency */ = {
			isa = PBXTargetDependency;
			target = B89C8E402C4FFBAA00CCF3C2 /* Hail */;
			targetProxy = B89C8E532C4FFBAD00CCF3C2 /* PBXContainerItemProxy */;
		};
		B89C8E5E2C4FFBAD00CCF3C2 /* PBXTargetDependency */ = {
			isa = PBXTargetDependency;
			target = B89C8E402C4FFBAA00CCF3C2 /* Hail */;
			targetProxy = B89C8E5D2C4FFBAD00CCF3C2 /* PBXContainerItemProxy */;
		};
/* End PBXTargetDependency section */

/* Begin XCBuildConfiguration section */
		B89C8E642C4FFBAD00CCF3C2 /* Debug */ = {
			isa = XCBuildConfiguration;
			buildSettings = {
				ALWAYS_SEARCH_USER_PATHS = NO;
				ASSETCATALOG_COMPILER_GENERATE_SWIFT_ASSET_SYMBOL_EXTENSIONS = YES;
				CLANG_ANALYZER_NONNULL = YES;
				CLANG_ANALYZER_NUMBER_OBJECT_CONVERSION = YES_AGGRESSIVE;
				CLANG_CXX_LANGUAGE_STANDARD = "gnu++20";
				CLANG_ENABLE_MODULES = YES;
				CLANG_ENABLE_OBJC_ARC = YES;
				CLANG_ENABLE_OBJC_WEAK = YES;
				CLANG_WARN_BLOCK_CAPTURE_AUTORELEASING = YES;
				CLANG_WARN_BOOL_CONVERSION = YES;
				CLANG_WARN_COMMA = YES;
				CLANG_WARN_CONSTANT_CONVERSION = YES;
				CLANG_WARN_DEPRECATED_OBJC_IMPLEMENTATIONS = YES;
				CLANG_WARN_DIRECT_OBJC_ISA_USAGE = YES_ERROR;
				CLANG_WARN_DOCUMENTATION_COMMENTS = YES;
				CLANG_WARN_EMPTY_BODY = YES;
				CLANG_WARN_ENUM_CONVERSION = YES;
				CLANG_WARN_INFINITE_RECURSION = YES;
				CLANG_WARN_INT_CONVERSION = YES;
				CLANG_WARN_NON_LITERAL_NULL_CONVERSION = YES;
				CLANG_WARN_OBJC_IMPLICIT_RETAIN_SELF = YES;
				CLANG_WARN_OBJC_LITERAL_CONVERSION = YES;
				CLANG_WARN_OBJC_ROOT_CLASS = YES_ERROR;
				CLANG_WARN_QUOTED_INCLUDE_IN_FRAMEWORK_HEADER = YES;
				CLANG_WARN_RANGE_LOOP_ANALYSIS = YES;
				CLANG_WARN_STRICT_PROTOTYPES = YES;
				CLANG_WARN_SUSPICIOUS_MOVE = YES;
				CLANG_WARN_UNGUARDED_AVAILABILITY = YES_AGGRESSIVE;
				CLANG_WARN_UNREACHABLE_CODE = YES;
				CLANG_WARN__DUPLICATE_METHOD_MATCH = YES;
				COPY_PHASE_STRIP = NO;
				DEBUG_INFORMATION_FORMAT = dwarf;
				ENABLE_STRICT_OBJC_MSGSEND = YES;
				ENABLE_TESTABILITY = YES;
				ENABLE_USER_SCRIPT_SANDBOXING = YES;
				GCC_C_LANGUAGE_STANDARD = gnu17;
				GCC_DYNAMIC_NO_PIC = NO;
				GCC_NO_COMMON_BLOCKS = YES;
				GCC_OPTIMIZATION_LEVEL = 0;
				GCC_PREPROCESSOR_DEFINITIONS = (
					"DEBUG=1",
					"$(inherited)",
				);
				GCC_WARN_64_TO_32_BIT_CONVERSION = YES;
				GCC_WARN_ABOUT_RETURN_TYPE = YES_ERROR;
				GCC_WARN_UNDECLARED_SELECTOR = YES;
				GCC_WARN_UNINITIALIZED_AUTOS = YES_AGGRESSIVE;
				GCC_WARN_UNUSED_FUNCTION = YES;
				GCC_WARN_UNUSED_VARIABLE = YES;
				LOCALIZATION_PREFERS_STRING_CATALOGS = YES;
				MTL_ENABLE_DEBUG_INFO = INCLUDE_SOURCE;
				MTL_FAST_MATH = YES;
				ONLY_ACTIVE_ARCH = YES;
				SWIFT_ACTIVE_COMPILATION_CONDITIONS = "DEBUG $(inherited)";
				SWIFT_OPTIMIZATION_LEVEL = "-Onone";
			};
			name = Debug;
		};
		B89C8E652C4FFBAD00CCF3C2 /* Release */ = {
			isa = XCBuildConfiguration;
			buildSettings = {
				ALWAYS_SEARCH_USER_PATHS = NO;
				ASSETCATALOG_COMPILER_GENERATE_SWIFT_ASSET_SYMBOL_EXTENSIONS = YES;
				CLANG_ANALYZER_NONNULL = YES;
				CLANG_ANALYZER_NUMBER_OBJECT_CONVERSION = YES_AGGRESSIVE;
				CLANG_CXX_LANGUAGE_STANDARD = "gnu++20";
				CLANG_ENABLE_MODULES = YES;
				CLANG_ENABLE_OBJC_ARC = YES;
				CLANG_ENABLE_OBJC_WEAK = YES;
				CLANG_WARN_BLOCK_CAPTURE_AUTORELEASING = YES;
				CLANG_WARN_BOOL_CONVERSION = YES;
				CLANG_WARN_COMMA = YES;
				CLANG_WARN_CONSTANT_CONVERSION = YES;
				CLANG_WARN_DEPRECATED_OBJC_IMPLEMENTATIONS = YES;
				CLANG_WARN_DIRECT_OBJC_ISA_USAGE = YES_ERROR;
				CLANG_WARN_DOCUMENTATION_COMMENTS = YES;
				CLANG_WARN_EMPTY_BODY = YES;
				CLANG_WARN_ENUM_CONVERSION = YES;
				CLANG_WARN_INFINITE_RECURSION = YES;
				CLANG_WARN_INT_CONVERSION = YES;
				CLANG_WARN_NON_LITERAL_NULL_CONVERSION = YES;
				CLANG_WARN_OBJC_IMPLICIT_RETAIN_SELF = YES;
				CLANG_WARN_OBJC_LITERAL_CONVERSION = YES;
				CLANG_WARN_OBJC_ROOT_CLASS = YES_ERROR;
				CLANG_WARN_QUOTED_INCLUDE_IN_FRAMEWORK_HEADER = YES;
				CLANG_WARN_RANGE_LOOP_ANALYSIS = YES;
				CLANG_WARN_STRICT_PROTOTYPES = YES;
				CLANG_WARN_SUSPICIOUS_MOVE = YES;
				CLANG_WARN_UNGUARDED_AVAILABILITY = YES_AGGRESSIVE;
				CLANG_WARN_UNREACHABLE_CODE = YES;
				CLANG_WARN__DUPLICATE_METHOD_MATCH = YES;
				COPY_PHASE_STRIP = NO;
				DEBUG_INFORMATION_FORMAT = "dwarf-with-dsym";
				ENABLE_NS_ASSERTIONS = NO;
				ENABLE_STRICT_OBJC_MSGSEND = YES;
				ENABLE_USER_SCRIPT_SANDBOXING = YES;
				GCC_C_LANGUAGE_STANDARD = gnu17;
				GCC_NO_COMMON_BLOCKS = YES;
				GCC_WARN_64_TO_32_BIT_CONVERSION = YES;
				GCC_WARN_ABOUT_RETURN_TYPE = YES_ERROR;
				GCC_WARN_UNDECLARED_SELECTOR = YES;
				GCC_WARN_UNINITIALIZED_AUTOS = YES_AGGRESSIVE;
				GCC_WARN_UNUSED_FUNCTION = YES;
				GCC_WARN_UNUSED_VARIABLE = YES;
				LOCALIZATION_PREFERS_STRING_CATALOGS = YES;
				MTL_ENABLE_DEBUG_INFO = NO;
				MTL_FAST_MATH = YES;
				SWIFT_COMPILATION_MODE = wholemodule;
			};
			name = Release;
		};
		B89C8E672C4FFBAD00CCF3C2 /* Debug */ = {
			isa = XCBuildConfiguration;
			buildSettings = {
				ASSETCATALOG_COMPILER_APPICON_NAME = AppIcon;
				ASSETCATALOG_COMPILER_GLOBAL_ACCENT_COLOR_NAME = AccentColor;
				CODE_SIGN_ENTITLEMENTS = Hail/Hail.entitlements;
				CODE_SIGN_STYLE = Automatic;
				CURRENT_PROJECT_VERSION = 1;
				DEVELOPMENT_ASSET_PATHS = "\"Hail/Preview Content\"";
				DEVELOPMENT_TEAM = 3YL7JSN5AR;
				ENABLE_HARDENED_RUNTIME = YES;
				ENABLE_PREVIEWS = YES;
				GENERATE_INFOPLIST_FILE = YES;
				"INFOPLIST_KEY_UIApplicationSceneManifest_Generation[sdk=iphoneos*]" = YES;
				"INFOPLIST_KEY_UIApplicationSceneManifest_Generation[sdk=iphonesimulator*]" = YES;
				"INFOPLIST_KEY_UIApplicationSupportsIndirectInputEvents[sdk=iphoneos*]" = YES;
				"INFOPLIST_KEY_UIApplicationSupportsIndirectInputEvents[sdk=iphonesimulator*]" = YES;
				"INFOPLIST_KEY_UILaunchScreen_Generation[sdk=iphoneos*]" = YES;
				"INFOPLIST_KEY_UILaunchScreen_Generation[sdk=iphonesimulator*]" = YES;
				"INFOPLIST_KEY_UIStatusBarStyle[sdk=iphoneos*]" = UIStatusBarStyleDefault;
				"INFOPLIST_KEY_UIStatusBarStyle[sdk=iphonesimulator*]" = UIStatusBarStyleDefault;
				INFOPLIST_KEY_UISupportedInterfaceOrientations = "UIInterfaceOrientationLandscapeLeft UIInterfaceOrientationLandscapeRight UIInterfaceOrientationPortrait";
				INFOPLIST_KEY_UISupportedInterfaceOrientations_iPad = "UIInterfaceOrientationLandscapeLeft UIInterfaceOrientationLandscapeRight UIInterfaceOrientationPortrait UIInterfaceOrientationPortraitUpsideDown";
				IPHONEOS_DEPLOYMENT_TARGET = 18.0;
				LD_RUNPATH_SEARCH_PATHS = "@executable_path/Frameworks";
				"LD_RUNPATH_SEARCH_PATHS[sdk=macosx*]" = "@executable_path/../Frameworks";
				MACOSX_DEPLOYMENT_TARGET = 15.0;
				MARKETING_VERSION = 1.0;
				PRODUCT_BUNDLE_IDENTIFIER = "com.charlie-dev.Hail";
				PRODUCT_NAME = "$(TARGET_NAME)";
				SDKROOT = auto;
				SUPPORTED_PLATFORMS = "iphoneos iphonesimulator macosx xros xrsimulator";
				SWIFT_EMIT_LOC_STRINGS = YES;
				SWIFT_VERSION = 5.0;
				TARGETED_DEVICE_FAMILY = "1,2,7";
				XROS_DEPLOYMENT_TARGET = 2.0;
			};
			name = Debug;
		};
		B89C8E682C4FFBAD00CCF3C2 /* Release */ = {
			isa = XCBuildConfiguration;
			buildSettings = {
				ASSETCATALOG_COMPILER_APPICON_NAME = AppIcon;
				ASSETCATALOG_COMPILER_GLOBAL_ACCENT_COLOR_NAME = AccentColor;
				CODE_SIGN_ENTITLEMENTS = Hail/Hail.entitlements;
				CODE_SIGN_STYLE = Automatic;
				CURRENT_PROJECT_VERSION = 1;
				DEVELOPMENT_ASSET_PATHS = "\"Hail/Preview Content\"";
				DEVELOPMENT_TEAM = 3YL7JSN5AR;
				ENABLE_HARDENED_RUNTIME = YES;
				ENABLE_PREVIEWS = YES;
				GENERATE_INFOPLIST_FILE = YES;
				"INFOPLIST_KEY_UIApplicationSceneManifest_Generation[sdk=iphoneos*]" = YES;
				"INFOPLIST_KEY_UIApplicationSceneManifest_Generation[sdk=iphonesimulator*]" = YES;
				"INFOPLIST_KEY_UIApplicationSupportsIndirectInputEvents[sdk=iphoneos*]" = YES;
				"INFOPLIST_KEY_UIApplicationSupportsIndirectInputEvents[sdk=iphonesimulator*]" = YES;
				"INFOPLIST_KEY_UILaunchScreen_Generation[sdk=iphoneos*]" = YES;
				"INFOPLIST_KEY_UILaunchScreen_Generation[sdk=iphonesimulator*]" = YES;
				"INFOPLIST_KEY_UIStatusBarStyle[sdk=iphoneos*]" = UIStatusBarStyleDefault;
				"INFOPLIST_KEY_UIStatusBarStyle[sdk=iphonesimulator*]" = UIStatusBarStyleDefault;
				INFOPLIST_KEY_UISupportedInterfaceOrientations = "UIInterfaceOrientationLandscapeLeft UIInterfaceOrientationLandscapeRight UIInterfaceOrientationPortrait";
				INFOPLIST_KEY_UISupportedInterfaceOrientations_iPad = "UIInterfaceOrientationLandscapeLeft UIInterfaceOrientationLandscapeRight UIInterfaceOrientationPortrait UIInterfaceOrientationPortraitUpsideDown";
				IPHONEOS_DEPLOYMENT_TARGET = 18.0;
				LD_RUNPATH_SEARCH_PATHS = "@executable_path/Frameworks";
				"LD_RUNPATH_SEARCH_PATHS[sdk=macosx*]" = "@executable_path/../Frameworks";
				MACOSX_DEPLOYMENT_TARGET = 15.0;
				MARKETING_VERSION = 1.0;
				PRODUCT_BUNDLE_IDENTIFIER = "com.charlie-dev.Hail";
				PRODUCT_NAME = "$(TARGET_NAME)";
				SDKROOT = auto;
				SUPPORTED_PLATFORMS = "iphoneos iphonesimulator macosx xros xrsimulator";
				SWIFT_EMIT_LOC_STRINGS = YES;
				SWIFT_VERSION = 5.0;
				TARGETED_DEVICE_FAMILY = "1,2,7";
				XROS_DEPLOYMENT_TARGET = 2.0;
			};
			name = Release;
		};
		B89C8E6A2C4FFBAD00CCF3C2 /* Debug */ = {
			isa = XCBuildConfiguration;
			buildSettings = {
				BUNDLE_LOADER = "$(TEST_HOST)";
				CODE_SIGN_STYLE = Automatic;
				CURRENT_PROJECT_VERSION = 1;
				DEVELOPMENT_TEAM = 3YL7JSN5AR;
				GENERATE_INFOPLIST_FILE = YES;
				IPHONEOS_DEPLOYMENT_TARGET = 18.0;
				MACOSX_DEPLOYMENT_TARGET = 15.0;
				MARKETING_VERSION = 1.0;
				PRODUCT_BUNDLE_IDENTIFIER = "com.charlie-dev.HailTests";
				PRODUCT_NAME = "$(TARGET_NAME)";
				SDKROOT = auto;
				SUPPORTED_PLATFORMS = "iphoneos iphonesimulator macosx xros xrsimulator";
				SWIFT_EMIT_LOC_STRINGS = NO;
				SWIFT_VERSION = 5.0;
				TARGETED_DEVICE_FAMILY = "1,2,7";
				TEST_HOST = "$(BUILT_PRODUCTS_DIR)/Hail.app/$(BUNDLE_EXECUTABLE_FOLDER_PATH)/Hail";
				XROS_DEPLOYMENT_TARGET = 2.0;
			};
			name = Debug;
		};
		B89C8E6B2C4FFBAD00CCF3C2 /* Release */ = {
			isa = XCBuildConfiguration;
			buildSettings = {
				BUNDLE_LOADER = "$(TEST_HOST)";
				CODE_SIGN_STYLE = Automatic;
				CURRENT_PROJECT_VERSION = 1;
				DEVELOPMENT_TEAM = 3YL7JSN5AR;
				GENERATE_INFOPLIST_FILE = YES;
				IPHONEOS_DEPLOYMENT_TARGET = 18.0;
				MACOSX_DEPLOYMENT_TARGET = 15.0;
				MARKETING_VERSION = 1.0;
				PRODUCT_BUNDLE_IDENTIFIER = "com.charlie-dev.HailTests";
				PRODUCT_NAME = "$(TARGET_NAME)";
				SDKROOT = auto;
				SUPPORTED_PLATFORMS = "iphoneos iphonesimulator macosx xros xrsimulator";
				SWIFT_EMIT_LOC_STRINGS = NO;
				SWIFT_VERSION = 5.0;
				TARGETED_DEVICE_FAMILY = "1,2,7";
				TEST_HOST = "$(BUILT_PRODUCTS_DIR)/Hail.app/$(BUNDLE_EXECUTABLE_FOLDER_PATH)/Hail";
				XROS_DEPLOYMENT_TARGET = 2.0;
			};
			name = Release;
		};
		B89C8E6D2C4FFBAD00CCF3C2 /* Debug */ = {
			isa = XCBuildConfiguration;
			buildSettings = {
				CODE_SIGN_STYLE = Automatic;
				CURRENT_PROJECT_VERSION = 1;
				DEVELOPMENT_TEAM = 3YL7JSN5AR;
				GENERATE_INFOPLIST_FILE = YES;
				IPHONEOS_DEPLOYMENT_TARGET = 18.0;
				MACOSX_DEPLOYMENT_TARGET = 15.0;
				MARKETING_VERSION = 1.0;
				PRODUCT_BUNDLE_IDENTIFIER = "com.charlie-dev.HailUITests";
				PRODUCT_NAME = "$(TARGET_NAME)";
				SDKROOT = auto;
				SUPPORTED_PLATFORMS = "iphoneos iphonesimulator macosx xros xrsimulator";
				SWIFT_EMIT_LOC_STRINGS = NO;
				SWIFT_VERSION = 5.0;
				TARGETED_DEVICE_FAMILY = "1,2,7";
				TEST_TARGET_NAME = Hail;
				XROS_DEPLOYMENT_TARGET = 2.0;
			};
			name = Debug;
		};
		B89C8E6E2C4FFBAD00CCF3C2 /* Release */ = {
			isa = XCBuildConfiguration;
			buildSettings = {
				CODE_SIGN_STYLE = Automatic;
				CURRENT_PROJECT_VERSION = 1;
				DEVELOPMENT_TEAM = 3YL7JSN5AR;
				GENERATE_INFOPLIST_FILE = YES;
				IPHONEOS_DEPLOYMENT_TARGET = 18.0;
				MACOSX_DEPLOYMENT_TARGET = 15.0;
				MARKETING_VERSION = 1.0;
				PRODUCT_BUNDLE_IDENTIFIER = "com.charlie-dev.HailUITests";
				PRODUCT_NAME = "$(TARGET_NAME)";
				SDKROOT = auto;
				SUPPORTED_PLATFORMS = "iphoneos iphonesimulator macosx xros xrsimulator";
				SWIFT_EMIT_LOC_STRINGS = NO;
				SWIFT_VERSION = 5.0;
				TARGETED_DEVICE_FAMILY = "1,2,7";
				TEST_TARGET_NAME = Hail;
				XROS_DEPLOYMENT_TARGET = 2.0;
			};
			name = Release;
		};
/* End XCBuildConfiguration section */

/* Begin XCConfigurationList section */
		B89C8E3C2C4FFBAA00CCF3C2 /* Build configuration list for PBXProject "Hail" */ = {
			isa = XCConfigurationList;
			buildConfigurations = (
				B89C8E642C4FFBAD00CCF3C2 /* Debug */,
				B89C8E652C4FFBAD00CCF3C2 /* Release */,
			);
			defaultConfigurationIsVisible = 0;
			defaultConfigurationName = Release;
		};
		B89C8E662C4FFBAD00CCF3C2 /* Build configuration list for PBXNativeTarget "Hail" */ = {
			isa = XCConfigurationList;
			buildConfigurations = (
				B89C8E672C4FFBAD00CCF3C2 /* Debug */,
				B89C8E682C4FFBAD00CCF3C2 /* Release */,
			);
			defaultConfigurationIsVisible = 0;
			defaultConfigurationName = Release;
		};
		B89C8E692C4FFBAD00CCF3C2 /* Build configuration list for PBXNativeTarget "HailTests" */ = {
			isa = XCConfigurationList;
			buildConfigurations = (
				B89C8E6A2C4FFBAD00CCF3C2 /* Debug */,
				B89C8E6B2C4FFBAD00CCF3C2 /* Release */,
			);
			defaultConfigurationIsVisible = 0;
			defaultConfigurationName = Release;
		};
		B89C8E6C2C4FFBAD00CCF3C2 /* Build configuration list for PBXNativeTarget "HailUITests" */ = {
			isa = XCConfigurationList;
			buildConfigurations = (
				B89C8E6D2C4FFBAD00CCF3C2 /* Debug */,
				B89C8E6E2C4FFBAD00CCF3C2 /* Release */,
			);
			defaultConfigurationIsVisible = 0;
			defaultConfigurationName = Release;
		};
/* End XCConfigurationList section */
	};
	rootObject = B89C8E392C4FFBAA00CCF3C2 /* Project object */;
}
